
Microsoft Visual Studio Solution File, Format Version 12.00
# Visual Studio Version 16
VisualStudioVersion = 16.0.30804.86
MinimumVisualStudioVersion = 10.0.40219.1
Project("{FAE04EC0-301F-11D3-BF4B-00C04F79EFBC}") = "ReactCsvPeople.Web", "ReactCsvPeople.Web\ReactCsvPeople.Web.csproj", "{4D763D98-9B3C-492C-9949-3B7CE13755FA}"
EndProject
Project("{FAE04EC0-301F-11D3-BF4B-00C04F79EFBC}") = "ReactCsvPeople.Data", "ReactCsvPeople.Data\ReactCsvPeople.Data.csproj", "{B3573A7F-FAA9-45BF-9A03-5CA92FDA051B}"
EndProject
Global
	GlobalSection(SolutionConfigurationPlatforms) = preSolution
		Debug|Any CPU = Debug|Any CPU
		Release|Any CPU = Release|Any CPU
	EndGlobalSection
	GlobalSection(ProjectConfigurationPlatforms) = postSolution
		{4D763D98-9B3C-492C-9949-3B7CE13755FA}.Debug|Any CPU.ActiveCfg = Debug|Any CPU
		{4D763D98-9B3C-492C-9949-3B7CE13755FA}.Debug|Any CPU.Build.0 = Debug|Any CPU
		{4D763D98-9B3C-492C-9949-3B7CE13755FA}.Release|Any CPU.ActiveCfg = Release|Any CPU
		{4D763D98-9B3C-492C-9949-3B7CE13755FA}.Release|Any CPU.Build.0 = Release|Any CPU
		{B3573A7F-FAA9-45BF-9A03-5CA92FDA051B}.Debug|Any CPU.ActiveCfg = Debug|Any CPU
		{B3573A7F-FAA9-45BF-9A03-5CA92FDA051B}.Debug|Any CPU.Build.0 = Debug|Any CPU
		{B3573A7F-FAA9-45BF-9A03-5CA92FDA051B}.Release|Any CPU.ActiveCfg = Release|Any CPU
		{B3573A7F-FAA9-45BF-9A03-5CA92FDA051B}.Release|Any CPU.Build.0 = Release|Any CPU
	EndGlobalSection
	GlobalSection(SolutionProperties) = preSolution
		HideSolutionNode = FALSE
	EndGlobalSection
	GlobalSection(ExtensibilityGlobals) = postSolution
		SolutionGuid = {48F56389-1CEC-4A68-ABA6-26588C3EC6C3}
	EndGlobalSection
EndGlobal
